
Microsoft Visual Studio Solution File, Format Version 12.00
# Visual Studio Version 17
VisualStudioVersion = 17.2.32616.157
MinimumVisualStudioVersion = 10.0.40219.1
Project("{9A19103F-16F7-4668-BE54-9A1E7A4F7556}") = "S3Events", "Amazon.Lambda.S3Events\S3Events.csproj", "{F9038D10-01FB-42D5-A525-2EABF6F5C2C2}"
EndProject
Project("{9A19103F-16F7-4668-BE54-9A1E7A4F7556}") = "SQSEvents", "Amazon.Lambda.SQSEvents\SQSEvents.csproj", "{13073866-A38B-482A-B22B-F3011BBF525B}"
EndProject
Project("{9A19103F-16F7-4668-BE54-9A1E7A4F7556}") = "Claims", "System.Security.Claims\Claims.csproj", "{E0BB22A4-A954-4728-A02C-8D29F568C3AD}"
EndProject
Project("{9A19103F-16F7-4668-BE54-9A1E7A4F7556}") = "Logging", "Microsoft.Extensions.Logging\Logging.csproj", "{17E47828-42A0-45DD-AA5F-2B0A28F30A71}"
EndProject
Project("{FAE04EC0-301F-11D3-BF4B-00C04F79EFBC}") = "EntityFrameworkCore", "Microsoft.EntityFrameworkCore\EntityFrameworkCore\EntityFrameworkCore.csproj", "{7147331B-4204-4863-BC26-ADED4BF60543}"
EndProject
Project("{FAE04EC0-301F-11D3-BF4B-00C04F79EFBC}") = "DataAnnotations", "System.ComponentModel.DataAnnotations\DataAnnotations\DataAnnotations.csproj", "{5FA827D9-BB2A-4961-B6FF-FCBABA2027E8}"
EndProject
Global
	GlobalSection(SolutionConfigurationPlatforms) = preSolution
		Debug|Any CPU = Debug|Any CPU
		Release|Any CPU = Release|Any CPU
	EndGlobalSection
	GlobalSection(ProjectConfigurationPlatforms) = postSolution
		{F9038D10-01FB-42D5-A525-2EABF6F5C2C2}.Debug|Any CPU.ActiveCfg = Debug|Any CPU
		{F9038D10-01FB-42D5-A525-2EABF6F5C2C2}.Debug|Any CPU.Build.0 = Debug|Any CPU
		{F9038D10-01FB-42D5-A525-2EABF6F5C2C2}.Release|Any CPU.ActiveCfg = Release|Any CPU
		{F9038D10-01FB-42D5-A525-2EABF6F5C2C2}.Release|Any CPU.Build.0 = Release|Any CPU
		{13073866-A38B-482A-B22B-F3011BBF525B}.Debug|Any CPU.ActiveCfg = Debug|Any CPU
		{13073866-A38B-482A-B22B-F3011BBF525B}.Debug|Any CPU.Build.0 = Debug|Any CPU
		{13073866-A38B-482A-B22B-F3011BBF525B}.Release|Any CPU.ActiveCfg = Release|Any CPU
		{13073866-A38B-482A-B22B-F3011BBF525B}.Release|Any CPU.Build.0 = Release|Any CPU
		{E0BB22A4-A954-4728-A02C-8D29F568C3AD}.Debug|Any CPU.ActiveCfg = Debug|Any CPU
		{E0BB22A4-A954-4728-A02C-8D29F568C3AD}.Debug|Any CPU.Build.0 = Debug|Any CPU
		{E0BB22A4-A954-4728-A02C-8D29F568C3AD}.Release|Any CPU.ActiveCfg = Release|Any CPU
		{E0BB22A4-A954-4728-A02C-8D29F568C3AD}.Release|Any CPU.Build.0 = Release|Any CPU
		{17E47828-42A0-45DD-AA5F-2B0A28F30A71}.Debug|Any CPU.ActiveCfg = Debug|Any CPU
		{17E47828-42A0-45DD-AA5F-2B0A28F30A71}.Debug|Any CPU.Build.0 = Debug|Any CPU
		{17E47828-42A0-45DD-AA5F-2B0A28F30A71}.Release|Any CPU.ActiveCfg = Release|Any CPU
		{17E47828-42A0-45DD-AA5F-2B0A28F30A71}.Release|Any CPU.Build.0 = Release|Any CPU
		{7147331B-4204-4863-BC26-ADED4BF60543}.Debug|Any CPU.ActiveCfg = Debug|Any CPU
		{7147331B-4204-4863-BC26-ADED4BF60543}.Debug|Any CPU.Build.0 = Debug|Any CPU
		{7147331B-4204-4863-BC26-ADED4BF60543}.Release|Any CPU.ActiveCfg = Release|Any CPU
		{7147331B-4204-4863-BC26-ADED4BF60543}.Release|Any CPU.Build.0 = Release|Any CPU
		{5FA827D9-BB2A-4961-B6FF-FCBABA2027E8}.Debug|Any CPU.ActiveCfg = Debug|Any CPU
		{5FA827D9-BB2A-4961-B6FF-FCBABA2027E8}.Debug|Any CPU.Build.0 = Debug|Any CPU
		{5FA827D9-BB2A-4961-B6FF-FCBABA2027E8}.Release|Any CPU.ActiveCfg = Release|Any CPU
		{5FA827D9-BB2A-4961-B6FF-FCBABA2027E8}.Release|Any CPU.Build.0 = Release|Any CPU
	EndGlobalSection
	GlobalSection(SolutionProperties) = preSolution
		HideSolutionNode = FALSE
	EndGlobalSection
	GlobalSection(ExtensibilityGlobals) = postSolution
		SolutionGuid = {3C9B63DA-A059-4EB7-A57C-8964D8A1011A}
	EndGlobalSection
EndGlobal
