
Microsoft Visual Studio Solution File, Format Version 12.00
# Visual Studio Version 17
VisualStudioVersion = 17.2.32616.157
MinimumVisualStudioVersion = 10.0.40219.1
Project("{9A19103F-16F7-4668-BE54-9A1E7A4F7556}") = "S3Events", "Amazon.Lambda.S3Events\S3Events.csproj", "{F9038D10-01FB-42D5-A525-2EABF6F5C2C2}"
EndProject
Project("{9A19103F-16F7-4668-BE54-9A1E7A4F7556}") = "SQSEvents", "Amazon.Lambda.SQSEvents\SQSEvents.csproj", "{13073866-A38B-482A-B22B-F3011BBF525B}"
EndProject
Project("{9A19103F-16F7-4668-BE54-9A1E7A4F7556}") = "Claims", "System.Security.Claims\Claims.csproj", "{E0BB22A4-A954-4728-A02C-8D29F568C3AD}"
EndProject
Project("{9A19103F-16F7-4668-BE54-9A1E7A4F7556}") = "Logging", "Microsoft.Extensions.Logging\Logging.csproj", "{17E47828-42A0-45DD-AA5F-2B0A28F30A71}"
EndProject
Project("{9A19103F-16F7-4668-BE54-9A1E7A4F7556}") = "EntityFrameworkCore", "Microsoft.EntityFrameworkCore\EntityFrameworkCore.csproj", "{B3A8F5D6-2B54-4585-AFED-8E7E27D9D17E}"
EndProject
Project("{9A19103F-16F7-4668-BE54-9A1E7A4F7556}") = "DataAnnotations", "System.ComponentModel.DataAnnotations\DataAnnotations.csproj", "{0893C9ED-5BE4-4FAB-A3B8-C0F75E307EF5}"
EndProject
Project("{9A19103F-16F7-4668-BE54-9A1E7A4F7556}") = "System", "System\System.csproj", "{AC1D4D22-561B-4DDF-9669-73D376EA9C61}"
EndProject
Project("{9A19103F-16F7-4668-BE54-9A1E7A4F7556}") = "System.Test", "System.Test\System.Test.csproj", "{8B06E24D-3EF2-4886-8EE2-054C7D5E0F9E}"
EndProject
Project("{9A19103F-16F7-4668-BE54-9A1E7A4F7556}") = "Claims.Test", "System.Security.Claims.Test\Claims.Test.csproj", "{2EFECC96-D7AA-4481-BA34-29699B942D30}"
EndProject
Project("{9A19103F-16F7-4668-BE54-9A1E7A4F7556}") = "Reflection", "System.Reflection\Reflection.csproj", "{96212322-15BE-4756-872C-3805EF125013}"
EndProject
Project("{9A19103F-16F7-4668-BE54-9A1E7A4F7556}") = "Reflection.Test", "System.Reflection.Test\Reflection.Test.csproj", "{49F609C3-D8FD-4894-A13B-6D877A1495FA}"
EndProject
Project("{9A19103F-16F7-4668-BE54-9A1E7A4F7556}") = "Collections.Generic", "System.Collections.Generic\Collections.Generic.csproj", "{DC56E4E8-9B22-4A8D-BBD8-7F24AA9BE5C3}"
EndProject
Project("{2150E333-8FDC-42A3-9474-1A3956D46DE8}") = "System", "System", "{D2A85BB2-41C3-4FB7-8BA9-FCB91CF30964}"
EndProject
Project("{2150E333-8FDC-42A3-9474-1A3956D46DE8}") = "Security", "Security", "{89A7FF04-3290-4377-AB07-3A98A2067003}"
EndProject
Project("{2150E333-8FDC-42A3-9474-1A3956D46DE8}") = "Reflection", "Reflection", "{4748A134-53F0-441A-8D68-8D3C4311E602}"
EndProject
Project("{2150E333-8FDC-42A3-9474-1A3956D46DE8}") = "Microsoft", "Microsoft", "{7799D844-78DA-4553-B758-171CD44E589C}"
EndProject
Project("{2150E333-8FDC-42A3-9474-1A3956D46DE8}") = "Extensions", "Extensions", "{9787DD29-E282-4F30-B8C1-6A5EB8FE7B54}"
EndProject
Project("{9A19103F-16F7-4668-BE54-9A1E7A4F7556}") = "DependencyInjection", "Microsoft.Extensions.DependencyInjection\DependencyInjection.csproj", "{31CDF3BA-CB98-4B1C-9B06-AE3F644CE9C0}"
EndProject
Project("{2150E333-8FDC-42A3-9474-1A3956D46DE8}") = "Amazon", "Amazon", "{1B54A874-82CD-4145-BC73-38CB9A2B16ED}"
EndProject
Project("{9A19103F-16F7-4668-BE54-9A1E7A4F7556}") = "CloudFormation", "Amazon.CloudFormation\CloudFormation\CloudFormation.csproj", "{D34CD28F-45C6-4253-8AD4-70DC7A61A15D}"
EndProject
Project("{2150E333-8FDC-42A3-9474-1A3956D46DE8}") = "Printing", "Printing", "{05318AAA-DFF4-48B8-8B19-71A21EF13611}"
EndProject
Project("{9A19103F-16F7-4668-BE54-9A1E7A4F7556}") = "Printing", "System.Printing\Printing.csproj", "{D074A51E-8BC3-42D1-92B2-4FF5787086EC}"
EndProject
Project("{FAE04EC0-301F-11D3-BF4B-00C04F79EFBC}") = "IO", "System.IO\IO\IO.csproj", "{16B0390F-396A-4230-9973-8E45C3BEFEE6}"
EndProject
Global
	GlobalSection(SolutionConfigurationPlatforms) = preSolution
		Debug|Any CPU = Debug|Any CPU
		Release|Any CPU = Release|Any CPU
	EndGlobalSection
	GlobalSection(ProjectConfigurationPlatforms) = postSolution
		{F9038D10-01FB-42D5-A525-2EABF6F5C2C2}.Debug|Any CPU.ActiveCfg = Debug|Any CPU
		{F9038D10-01FB-42D5-A525-2EABF6F5C2C2}.Debug|Any CPU.Build.0 = Debug|Any CPU
		{F9038D10-01FB-42D5-A525-2EABF6F5C2C2}.Release|Any CPU.ActiveCfg = Release|Any CPU
		{F9038D10-01FB-42D5-A525-2EABF6F5C2C2}.Release|Any CPU.Build.0 = Release|Any CPU
		{13073866-A38B-482A-B22B-F3011BBF525B}.Debug|Any CPU.ActiveCfg = Debug|Any CPU
		{13073866-A38B-482A-B22B-F3011BBF525B}.Debug|Any CPU.Build.0 = Debug|Any CPU
		{13073866-A38B-482A-B22B-F3011BBF525B}.Release|Any CPU.ActiveCfg = Release|Any CPU
		{13073866-A38B-482A-B22B-F3011BBF525B}.Release|Any CPU.Build.0 = Release|Any CPU
		{E0BB22A4-A954-4728-A02C-8D29F568C3AD}.Debug|Any CPU.ActiveCfg = Debug|Any CPU
		{E0BB22A4-A954-4728-A02C-8D29F568C3AD}.Debug|Any CPU.Build.0 = Debug|Any CPU
		{E0BB22A4-A954-4728-A02C-8D29F568C3AD}.Release|Any CPU.ActiveCfg = Release|Any CPU
		{E0BB22A4-A954-4728-A02C-8D29F568C3AD}.Release|Any CPU.Build.0 = Release|Any CPU
		{17E47828-42A0-45DD-AA5F-2B0A28F30A71}.Debug|Any CPU.ActiveCfg = Debug|Any CPU
		{17E47828-42A0-45DD-AA5F-2B0A28F30A71}.Debug|Any CPU.Build.0 = Debug|Any CPU
		{17E47828-42A0-45DD-AA5F-2B0A28F30A71}.Release|Any CPU.ActiveCfg = Release|Any CPU
		{17E47828-42A0-45DD-AA5F-2B0A28F30A71}.Release|Any CPU.Build.0 = Release|Any CPU
		{B3A8F5D6-2B54-4585-AFED-8E7E27D9D17E}.Debug|Any CPU.ActiveCfg = Debug|Any CPU
		{B3A8F5D6-2B54-4585-AFED-8E7E27D9D17E}.Debug|Any CPU.Build.0 = Debug|Any CPU
		{B3A8F5D6-2B54-4585-AFED-8E7E27D9D17E}.Release|Any CPU.ActiveCfg = Release|Any CPU
		{B3A8F5D6-2B54-4585-AFED-8E7E27D9D17E}.Release|Any CPU.Build.0 = Release|Any CPU
		{0893C9ED-5BE4-4FAB-A3B8-C0F75E307EF5}.Debug|Any CPU.ActiveCfg = Debug|Any CPU
		{0893C9ED-5BE4-4FAB-A3B8-C0F75E307EF5}.Debug|Any CPU.Build.0 = Debug|Any CPU
		{0893C9ED-5BE4-4FAB-A3B8-C0F75E307EF5}.Release|Any CPU.ActiveCfg = Release|Any CPU
		{0893C9ED-5BE4-4FAB-A3B8-C0F75E307EF5}.Release|Any CPU.Build.0 = Release|Any CPU
		{AC1D4D22-561B-4DDF-9669-73D376EA9C61}.Debug|Any CPU.ActiveCfg = Debug|Any CPU
		{AC1D4D22-561B-4DDF-9669-73D376EA9C61}.Debug|Any CPU.Build.0 = Debug|Any CPU
		{AC1D4D22-561B-4DDF-9669-73D376EA9C61}.Release|Any CPU.ActiveCfg = Release|Any CPU
		{AC1D4D22-561B-4DDF-9669-73D376EA9C61}.Release|Any CPU.Build.0 = Release|Any CPU
		{8B06E24D-3EF2-4886-8EE2-054C7D5E0F9E}.Debug|Any CPU.ActiveCfg = Debug|Any CPU
		{8B06E24D-3EF2-4886-8EE2-054C7D5E0F9E}.Debug|Any CPU.Build.0 = Debug|Any CPU
		{8B06E24D-3EF2-4886-8EE2-054C7D5E0F9E}.Release|Any CPU.ActiveCfg = Release|Any CPU
		{8B06E24D-3EF2-4886-8EE2-054C7D5E0F9E}.Release|Any CPU.Build.0 = Release|Any CPU
		{2EFECC96-D7AA-4481-BA34-29699B942D30}.Debug|Any CPU.ActiveCfg = Debug|Any CPU
		{2EFECC96-D7AA-4481-BA34-29699B942D30}.Debug|Any CPU.Build.0 = Debug|Any CPU
		{2EFECC96-D7AA-4481-BA34-29699B942D30}.Release|Any CPU.ActiveCfg = Release|Any CPU
		{2EFECC96-D7AA-4481-BA34-29699B942D30}.Release|Any CPU.Build.0 = Release|Any CPU
		{96212322-15BE-4756-872C-3805EF125013}.Debug|Any CPU.ActiveCfg = Debug|Any CPU
		{96212322-15BE-4756-872C-3805EF125013}.Debug|Any CPU.Build.0 = Debug|Any CPU
		{96212322-15BE-4756-872C-3805EF125013}.Release|Any CPU.ActiveCfg = Release|Any CPU
		{96212322-15BE-4756-872C-3805EF125013}.Release|Any CPU.Build.0 = Release|Any CPU
		{49F609C3-D8FD-4894-A13B-6D877A1495FA}.Debug|Any CPU.ActiveCfg = Debug|Any CPU
		{49F609C3-D8FD-4894-A13B-6D877A1495FA}.Debug|Any CPU.Build.0 = Debug|Any CPU
		{49F609C3-D8FD-4894-A13B-6D877A1495FA}.Release|Any CPU.ActiveCfg = Release|Any CPU
		{49F609C3-D8FD-4894-A13B-6D877A1495FA}.Release|Any CPU.Build.0 = Release|Any CPU
		{DC56E4E8-9B22-4A8D-BBD8-7F24AA9BE5C3}.Debug|Any CPU.ActiveCfg = Debug|Any CPU
		{DC56E4E8-9B22-4A8D-BBD8-7F24AA9BE5C3}.Debug|Any CPU.Build.0 = Debug|Any CPU
		{DC56E4E8-9B22-4A8D-BBD8-7F24AA9BE5C3}.Release|Any CPU.ActiveCfg = Release|Any CPU
		{DC56E4E8-9B22-4A8D-BBD8-7F24AA9BE5C3}.Release|Any CPU.Build.0 = Release|Any CPU
		{31CDF3BA-CB98-4B1C-9B06-AE3F644CE9C0}.Debug|Any CPU.ActiveCfg = Debug|Any CPU
		{31CDF3BA-CB98-4B1C-9B06-AE3F644CE9C0}.Debug|Any CPU.Build.0 = Debug|Any CPU
		{31CDF3BA-CB98-4B1C-9B06-AE3F644CE9C0}.Release|Any CPU.ActiveCfg = Release|Any CPU
		{31CDF3BA-CB98-4B1C-9B06-AE3F644CE9C0}.Release|Any CPU.Build.0 = Release|Any CPU
		{D34CD28F-45C6-4253-8AD4-70DC7A61A15D}.Debug|Any CPU.ActiveCfg = Debug|Any CPU
		{D34CD28F-45C6-4253-8AD4-70DC7A61A15D}.Debug|Any CPU.Build.0 = Debug|Any CPU
		{D34CD28F-45C6-4253-8AD4-70DC7A61A15D}.Release|Any CPU.ActiveCfg = Release|Any CPU
		{D34CD28F-45C6-4253-8AD4-70DC7A61A15D}.Release|Any CPU.Build.0 = Release|Any CPU
		{D074A51E-8BC3-42D1-92B2-4FF5787086EC}.Debug|Any CPU.ActiveCfg = Debug|Any CPU
		{D074A51E-8BC3-42D1-92B2-4FF5787086EC}.Debug|Any CPU.Build.0 = Debug|Any CPU
		{D074A51E-8BC3-42D1-92B2-4FF5787086EC}.Release|Any CPU.ActiveCfg = Release|Any CPU
		{D074A51E-8BC3-42D1-92B2-4FF5787086EC}.Release|Any CPU.Build.0 = Release|Any CPU
		{16B0390F-396A-4230-9973-8E45C3BEFEE6}.Debug|Any CPU.ActiveCfg = Debug|Any CPU
		{16B0390F-396A-4230-9973-8E45C3BEFEE6}.Debug|Any CPU.Build.0 = Debug|Any CPU
		{16B0390F-396A-4230-9973-8E45C3BEFEE6}.Release|Any CPU.ActiveCfg = Release|Any CPU
		{16B0390F-396A-4230-9973-8E45C3BEFEE6}.Release|Any CPU.Build.0 = Release|Any CPU
	EndGlobalSection
	GlobalSection(SolutionProperties) = preSolution
		HideSolutionNode = FALSE
	EndGlobalSection
	GlobalSection(NestedProjects) = preSolution
		{F9038D10-01FB-42D5-A525-2EABF6F5C2C2} = {1B54A874-82CD-4145-BC73-38CB9A2B16ED}
		{13073866-A38B-482A-B22B-F3011BBF525B} = {1B54A874-82CD-4145-BC73-38CB9A2B16ED}
		{E0BB22A4-A954-4728-A02C-8D29F568C3AD} = {89A7FF04-3290-4377-AB07-3A98A2067003}
		{17E47828-42A0-45DD-AA5F-2B0A28F30A71} = {9787DD29-E282-4F30-B8C1-6A5EB8FE7B54}
		{B3A8F5D6-2B54-4585-AFED-8E7E27D9D17E} = {7799D844-78DA-4553-B758-171CD44E589C}
		{0893C9ED-5BE4-4FAB-A3B8-C0F75E307EF5} = {D2A85BB2-41C3-4FB7-8BA9-FCB91CF30964}
		{AC1D4D22-561B-4DDF-9669-73D376EA9C61} = {D2A85BB2-41C3-4FB7-8BA9-FCB91CF30964}
		{8B06E24D-3EF2-4886-8EE2-054C7D5E0F9E} = {D2A85BB2-41C3-4FB7-8BA9-FCB91CF30964}
		{2EFECC96-D7AA-4481-BA34-29699B942D30} = {89A7FF04-3290-4377-AB07-3A98A2067003}
		{96212322-15BE-4756-872C-3805EF125013} = {4748A134-53F0-441A-8D68-8D3C4311E602}
		{49F609C3-D8FD-4894-A13B-6D877A1495FA} = {4748A134-53F0-441A-8D68-8D3C4311E602}
		{DC56E4E8-9B22-4A8D-BBD8-7F24AA9BE5C3} = {D2A85BB2-41C3-4FB7-8BA9-FCB91CF30964}
		{89A7FF04-3290-4377-AB07-3A98A2067003} = {D2A85BB2-41C3-4FB7-8BA9-FCB91CF30964}
		{4748A134-53F0-441A-8D68-8D3C4311E602} = {D2A85BB2-41C3-4FB7-8BA9-FCB91CF30964}
		{9787DD29-E282-4F30-B8C1-6A5EB8FE7B54} = {7799D844-78DA-4553-B758-171CD44E589C}
		{31CDF3BA-CB98-4B1C-9B06-AE3F644CE9C0} = {9787DD29-E282-4F30-B8C1-6A5EB8FE7B54}
		{D34CD28F-45C6-4253-8AD4-70DC7A61A15D} = {1B54A874-82CD-4145-BC73-38CB9A2B16ED}
		{05318AAA-DFF4-48B8-8B19-71A21EF13611} = {D2A85BB2-41C3-4FB7-8BA9-FCB91CF30964}
		{D074A51E-8BC3-42D1-92B2-4FF5787086EC} = {05318AAA-DFF4-48B8-8B19-71A21EF13611}
		{16B0390F-396A-4230-9973-8E45C3BEFEE6} = {D2A85BB2-41C3-4FB7-8BA9-FCB91CF30964}
	EndGlobalSection
	GlobalSection(ExtensibilityGlobals) = postSolution
		SolutionGuid = {3C9B63DA-A059-4EB7-A57C-8964D8A1011A}
	EndGlobalSection
EndGlobal
